
Microsoft Visual Studio Solution File, Format Version 12.00
# Visual Studio Version 17
VisualStudioVersion = 17.0.31903.59
MinimumVisualStudioVersion = 10.0.40219.1
Project("{2150E333-8FDC-42A3-9474-1A3956D46DE8}") = "src", "src", "{827E0CD3-B72D-47B6-A68D-7590B98EB39B}"
EndProject
Project("{FAE04EC0-301F-11D3-BF4B-00C04F79EFBC}") = "VoiceInput.Core", "src\VoiceInput.Core\VoiceInput.Core.csproj", "{A9C3B48B-A2F9-4AE1-A139-BD14E2BD8DE0}"
EndProject
Project("{FAE04EC0-301F-11D3-BF4B-00C04F79EFBC}") = "VoiceInput.App", "src\VoiceInput.App\VoiceInput.App.csproj", "{E2E134E9-E388-4C35-8554-54ED40C29E63}"
EndProject
Project("{2150E333-8FDC-42A3-9474-1A3956D46DE8}") = "tests", "tests", "{0AB3BF05-4346-4AA6-1389-037BE0695223}"
EndProject
Project("{FAE04EC0-301F-11D3-BF4B-00C04F79EFBC}") = "VoiceInput.Core.Tests", "tests\VoiceInput.Core.Tests\VoiceInput.Core.Tests.csproj", "{4F58F6EB-3A89-48F9-8788-8B10E6763F9B}"
EndProject
Project("{FAE04EC0-301F-11D3-BF4B-00C04F79EFBC}") = "VoiceInput.Windows", "src\VoiceInput.Windows\VoiceInput.Windows.csproj", "{37D7C1D7-5E9C-4BC9-85D4-F70A67EBFEC4}"
EndProject
Project("{FAE04EC0-301F-11D3-BF4B-00C04F79EFBC}") = "VoiceInput.Windows.Tests", "tests\VoiceInput.Windows.Tests\VoiceInput.Windows.Tests.csproj", "{449390E6-78BD-461C-9A3E-040CBB37B04E}"
EndProject
Project("{FAE04EC0-301F-11D3-BF4B-00C04F79EFBC}") = "VoiceInput.E2E.Harness", "tests\VoiceInput.E2E.Harness\VoiceInput.E2E.Harness.csproj", "{09FBFE94-618A-4ED2-A3DF-71764B5E3C60}"
EndProject
Project("{FAE04EC0-301F-11D3-BF4B-00C04F79EFBC}") = "VoiceInput.Asr.Worker", "src\VoiceInput.Asr.Worker\VoiceInput.Asr.Worker.csproj", "{BBF10CF1-C332-4AF4-B85A-9DE8F3F27E65}"
EndProject
Project("{FAE04EC0-301F-11D3-BF4B-00C04F79EFBC}") = "VoiceInput.Asr.E2E", "tests\VoiceInput.Asr.E2E\VoiceInput.Asr.E2E.csproj", "{7A7EA91A-F82A-41AE-907A-847BDFDDE363}"
EndProject
Project("{FAE04EC0-301F-11D3-BF4B-00C04F79EFBC}") = "VoiceInput.Audio.E2E", "tests\VoiceInput.Audio.E2E\VoiceInput.Audio.E2E.csproj", "{847C52C0-A8FF-4380-9980-C1D2EBFDFD14}"
EndProject
Global
	GlobalSection(SolutionConfigurationPlatforms) = preSolution
		Debug|Any CPU = Debug|Any CPU
		Debug|x64 = Debug|x64
		Debug|x86 = Debug|x86
		Release|Any CPU = Release|Any CPU
		Release|x64 = Release|x64
		Release|x86 = Release|x86
	EndGlobalSection
	GlobalSection(ProjectConfigurationPlatforms) = postSolution
		{A9C3B48B-A2F9-4AE1-A139-BD14E2BD8DE0}.Debug|Any CPU.ActiveCfg = Debug|Any CPU
		{A9C3B48B-A2F9-4AE1-A139-BD14E2BD8DE0}.Debug|Any CPU.Build.0 = Debug|Any CPU
		{A9C3B48B-A2F9-4AE1-A139-BD14E2BD8DE0}.Debug|x64.ActiveCfg = Debug|Any CPU
		{A9C3B48B-A2F9-4AE1-A139-BD14E2BD8DE0}.Debug|x64.Build.0 = Debug|Any CPU
		{A9C3B48B-A2F9-4AE1-A139-BD14E2BD8DE0}.Debug|x86.ActiveCfg = Debug|Any CPU
		{A9C3B48B-A2F9-4AE1-A139-BD14E2BD8DE0}.Debug|x86.Build.0 = Debug|Any CPU
		{A9C3B48B-A2F9-4AE1-A139-BD14E2BD8DE0}.Release|Any CPU.ActiveCfg = Release|Any CPU
		{A9C3B48B-A2F9-4AE1-A139-BD14E2BD8DE0}.Release|Any CPU.Build.0 = Release|Any CPU
		{A9C3B48B-A2F9-4AE1-A139-BD14E2BD8DE0}.Release|x64.ActiveCfg = Release|Any CPU
		{A9C3B48B-A2F9-4AE1-A139-BD14E2BD8DE0}.Release|x64.Build.0 = Release|Any CPU
		{A9C3B48B-A2F9-4AE1-A139-BD14E2BD8DE0}.Release|x86.ActiveCfg = Release|Any CPU
		{A9C3B48B-A2F9-4AE1-A139-BD14E2BD8DE0}.Release|x86.Build.0 = Release|Any CPU
		{E2E134E9-E388-4C35-8554-54ED40C29E63}.Debug|Any CPU.ActiveCfg = Debug|Any CPU
		{E2E134E9-E388-4C35-8554-54ED40C29E63}.Debug|Any CPU.Build.0 = Debug|Any CPU
		{E2E134E9-E388-4C35-8554-54ED40C29E63}.Debug|x64.ActiveCfg = Debug|Any CPU
		{E2E134E9-E388-4C35-8554-54ED40C29E63}.Debug|x64.Build.0 = Debug|Any CPU
		{E2E134E9-E388-4C35-8554-54ED40C29E63}.Debug|x86.ActiveCfg = Debug|Any CPU
		{E2E134E9-E388-4C35-8554-54ED40C29E63}.Debug|x86.Build.0 = Debug|Any CPU
		{E2E134E9-E388-4C35-8554-54ED40C29E63}.Release|Any CPU.ActiveCfg = Release|Any CPU
		{E2E134E9-E388-4C35-8554-54ED40C29E63}.Release|Any CPU.Build.0 = Release|Any CPU
		{E2E134E9-E388-4C35-8554-54ED40C29E63}.Release|x64.ActiveCfg = Release|Any CPU
		{E2E134E9-E388-4C35-8554-54ED40C29E63}.Release|x64.Build.0 = Release|Any CPU
		{E2E134E9-E388-4C35-8554-54ED40C29E63}.Release|x86.ActiveCfg = Release|Any CPU
		{E2E134E9-E388-4C35-8554-54ED40C29E63}.Release|x86.Build.0 = Release|Any CPU
		{4F58F6EB-3A89-48F9-8788-8B10E6763F9B}.Debug|Any CPU.ActiveCfg = Debug|Any CPU
		{4F58F6EB-3A89-48F9-8788-8B10E6763F9B}.Debug|Any CPU.Build.0 = Debug|Any CPU
		{4F58F6EB-3A89-48F9-8788-8B10E6763F9B}.Debug|x64.ActiveCfg = Debug|Any CPU
		{4F58F6EB-3A89-48F9-8788-8B10E6763F9B}.Debug|x64.Build.0 = Debug|Any CPU
		{4F58F6EB-3A89-48F9-8788-8B10E6763F9B}.Debug|x86.ActiveCfg = Debug|Any CPU
		{4F58F6EB-3A89-48F9-8788-8B10E6763F9B}.Debug|x86.Build.0 = Debug|Any CPU
		{4F58F6EB-3A89-48F9-8788-8B10E6763F9B}.Release|Any CPU.ActiveCfg = Release|Any CPU
		{4F58F6EB-3A89-48F9-8788-8B10E6763F9B}.Release|Any CPU.Build.0 = Release|Any CPU
		{4F58F6EB-3A89-48F9-8788-8B10E6763F9B}.Release|x64.ActiveCfg = Release|Any CPU
		{4F58F6EB-3A89-48F9-8788-8B10E6763F9B}.Release|x64.Build.0 = Release|Any CPU
		{4F58F6EB-3A89-48F9-8788-8B10E6763F9B}.Release|x86.ActiveCfg = Release|Any CPU
		{4F58F6EB-3A89-48F9-8788-8B10E6763F9B}.Release|x86.Build.0 = Release|Any CPU
		{37D7C1D7-5E9C-4BC9-85D4-F70A67EBFEC4}.Debug|Any CPU.ActiveCfg = Debug|Any CPU
		{37D7C1D7-5E9C-4BC9-85D4-F70A67EBFEC4}.Debug|Any CPU.Build.0 = Debug|Any CPU
		{37D7C1D7-5E9C-4BC9-85D4-F70A67EBFEC4}.Debug|x64.ActiveCfg = Debug|Any CPU
		{37D7C1D7-5E9C-4BC9-85D4-F70A67EBFEC4}.Debug|x64.Build.0 = Debug|Any CPU
		{37D7C1D7-5E9C-4BC9-85D4-F70A67EBFEC4}.Debug|x86.ActiveCfg = Debug|Any CPU
		{37D7C1D7-5E9C-4BC9-85D4-F70A67EBFEC4}.Debug|x86.Build.0 = Debug|Any CPU
		{37D7C1D7-5E9C-4BC9-85D4-F70A67EBFEC4}.Release|Any CPU.ActiveCfg = Release|Any CPU
		{37D7C1D7-5E9C-4BC9-85D4-F70A67EBFEC4}.Release|Any CPU.Build.0 = Release|Any CPU
		{37D7C1D7-5E9C-4BC9-85D4-F70A67EBFEC4}.Release|x64.ActiveCfg = Release|Any CPU
		{37D7C1D7-5E9C-4BC9-85D4-F70A67EBFEC4}.Release|x64.Build.0 = Release|Any CPU
		{37D7C1D7-5E9C-4BC9-85D4-F70A67EBFEC4}.Release|x86.ActiveCfg = Release|Any CPU
		{37D7C1D7-5E9C-4BC9-85D4-F70A67EBFEC4}.Release|x86.Build.0 = Release|Any CPU
		{449390E6-78BD-461C-9A3E-040CBB37B04E}.Debug|Any CPU.ActiveCfg = Debug|Any CPU
		{449390E6-78BD-461C-9A3E-040CBB37B04E}.Debug|Any CPU.Build.0 = Debug|Any CPU
		{449390E6-78BD-461C-9A3E-040CBB37B04E}.Debug|x64.ActiveCfg = Debug|Any CPU
		{449390E6-78BD-461C-9A3E-040CBB37B04E}.Debug|x64.Build.0 = Debug|Any CPU
		{449390E6-78BD-461C-9A3E-040CBB37B04E}.Debug|x86.ActiveCfg = Debug|Any CPU
		{449390E6-78BD-461C-9A3E-040CBB37B04E}.Debug|x86.Build.0 = Debug|Any CPU
		{449390E6-78BD-461C-9A3E-040CBB37B04E}.Release|Any CPU.ActiveCfg = Release|Any CPU
		{449390E6-78BD-461C-9A3E-040CBB37B04E}.Release|Any CPU.Build.0 = Release|Any CPU
		{449390E6-78BD-461C-9A3E-040CBB37B04E}.Release|x64.ActiveCfg = Release|Any CPU
		{449390E6-78BD-461C-9A3E-040CBB37B04E}.Release|x64.Build.0 = Release|Any CPU
		{449390E6-78BD-461C-9A3E-040CBB37B04E}.Release|x86.ActiveCfg = Release|Any CPU
		{449390E6-78BD-461C-9A3E-040CBB37B04E}.Release|x86.Build.0 = Release|Any CPU
		{09FBFE94-618A-4ED2-A3DF-71764B5E3C60}.Debug|Any CPU.ActiveCfg = Debug|Any CPU
		{09FBFE94-618A-4ED2-A3DF-71764B5E3C60}.Debug|Any CPU.Build.0 = Debug|Any CPU
		{09FBFE94-618A-4ED2-A3DF-71764B5E3C60}.Debug|x64.ActiveCfg = Debug|Any CPU
		{09FBFE94-618A-4ED2-A3DF-71764B5E3C60}.Debug|x64.Build.0 = Debug|Any CPU
		{09FBFE94-618A-4ED2-A3DF-71764B5E3C60}.Debug|x86.ActiveCfg = Debug|Any CPU
		{09FBFE94-618A-4ED2-A3DF-71764B5E3C60}.Debug|x86.Build.0 = Debug|Any CPU
		{09FBFE94-618A-4ED2-A3DF-71764B5E3C60}.Release|Any CPU.ActiveCfg = Release|Any CPU
		{09FBFE94-618A-4ED2-A3DF-71764B5E3C60}.Release|Any CPU.Build.0 = Release|Any CPU
		{09FBFE94-618A-4ED2-A3DF-71764B5E3C60}.Release|x64.ActiveCfg = Release|Any CPU
		{09FBFE94-618A-4ED2-A3DF-71764B5E3C60}.Release|x64.Build.0 = Release|Any CPU
		{09FBFE94-618A-4ED2-A3DF-71764B5E3C60}.Release|x86.ActiveCfg = Release|Any CPU
		{09FBFE94-618A-4ED2-A3DF-71764B5E3C60}.Release|x86.Build.0 = Release|Any CPU
		{BBF10CF1-C332-4AF4-B85A-9DE8F3F27E65}.Debug|Any CPU.ActiveCfg = Debug|Any CPU
		{BBF10CF1-C332-4AF4-B85A-9DE8F3F27E65}.Debug|Any CPU.Build.0 = Debug|Any CPU
		{BBF10CF1-C332-4AF4-B85A-9DE8F3F27E65}.Debug|x64.ActiveCfg = Debug|Any CPU
		{BBF10CF1-C332-4AF4-B85A-9DE8F3F27E65}.Debug|x64.Build.0 = Debug|Any CPU
		{BBF10CF1-C332-4AF4-B85A-9DE8F3F27E65}.Debug|x86.ActiveCfg = Debug|Any CPU
		{BBF10CF1-C332-4AF4-B85A-9DE8F3F27E65}.Debug|x86.Build.0 = Debug|Any CPU
		{BBF10CF1-C332-4AF4-B85A-9DE8F3F27E65}.Release|Any CPU.ActiveCfg = Release|Any CPU
		{BBF10CF1-C332-4AF4-B85A-9DE8F3F27E65}.Release|Any CPU.Build.0 = Release|Any CPU
		{BBF10CF1-C332-4AF4-B85A-9DE8F3F27E65}.Release|x64.ActiveCfg = Release|Any CPU
		{BBF10CF1-C332-4AF4-B85A-9DE8F3F27E65}.Release|x64.Build.0 = Release|Any CPU
		{BBF10CF1-C332-4AF4-B85A-9DE8F3F27E65}.Release|x86.ActiveCfg = Release|Any CPU
		{BBF10CF1-C332-4AF4-B85A-9DE8F3F27E65}.Release|x86.Build.0 = Release|Any CPU
		{7A7EA91A-F82A-41AE-907A-847BDFDDE363}.Debug|Any CPU.ActiveCfg = Debug|Any CPU
		{7A7EA91A-F82A-41AE-907A-847BDFDDE363}.Debug|Any CPU.Build.0 = Debug|Any CPU
		{7A7EA91A-F82A-41AE-907A-847BDFDDE363}.Debug|x64.ActiveCfg = Debug|Any CPU
		{7A7EA91A-F82A-41AE-907A-847BDFDDE363}.Debug|x64.Build.0 = Debug|Any CPU
		{7A7EA91A-F82A-41AE-907A-847BDFDDE363}.Debug|x86.ActiveCfg = Debug|Any CPU
		{7A7EA91A-F82A-41AE-907A-847BDFDDE363}.Debug|x86.Build.0 = Debug|Any CPU
		{7A7EA91A-F82A-41AE-907A-847BDFDDE363}.Release|Any CPU.ActiveCfg = Release|Any CPU
		{7A7EA91A-F82A-41AE-907A-847BDFDDE363}.Release|Any CPU.Build.0 = Release|Any CPU
		{7A7EA91A-F82A-41AE-907A-847BDFDDE363}.Release|x64.ActiveCfg = Release|Any CPU
		{7A7EA91A-F82A-41AE-907A-847BDFDDE363}.Release|x64.Build.0 = Release|Any CPU
		{7A7EA91A-F82A-41AE-907A-847BDFDDE363}.Release|x86.ActiveCfg = Release|Any CPU
		{7A7EA91A-F82A-41AE-907A-847BDFDDE363}.Release|x86.Build.0 = Release|Any CPU
		{847C52C0-A8FF-4380-9980-C1D2EBFDFD14}.Debug|Any CPU.ActiveCfg = Debug|Any CPU
		{847C52C0-A8FF-4380-9980-C1D2EBFDFD14}.Debug|Any CPU.Build.0 = Debug|Any CPU
		{847C52C0-A8FF-4380-9980-C1D2EBFDFD14}.Debug|x64.ActiveCfg = Debug|Any CPU
		{847C52C0-A8FF-4380-9980-C1D2EBFDFD14}.Debug|x64.Build.0 = Debug|Any CPU
		{847C52C0-A8FF-4380-9980-C1D2EBFDFD14}.Debug|x86.ActiveCfg = Debug|Any CPU
		{847C52C0-A8FF-4380-9980-C1D2EBFDFD14}.Debug|x86.Build.0 = Debug|Any CPU
		{847C52C0-A8FF-4380-9980-C1D2EBFDFD14}.Release|Any CPU.ActiveCfg = Release|Any CPU
		{847C52C0-A8FF-4380-9980-C1D2EBFDFD14}.Release|Any CPU.Build.0 = Release|Any CPU
		{847C52C0-A8FF-4380-9980-C1D2EBFDFD14}.Release|x64.ActiveCfg = Release|Any CPU
		{847C52C0-A8FF-4380-9980-C1D2EBFDFD14}.Release|x64.Build.0 = Release|Any CPU
		{847C52C0-A8FF-4380-9980-C1D2EBFDFD14}.Release|x86.ActiveCfg = Release|Any CPU
		{847C52C0-A8FF-4380-9980-C1D2EBFDFD14}.Release|x86.Build.0 = Release|Any CPU
	EndGlobalSection
	GlobalSection(SolutionProperties) = preSolution
		HideSolutionNode = FALSE
	EndGlobalSection
	GlobalSection(NestedProjects) = preSolution
		{A9C3B48B-A2F9-4AE1-A139-BD14E2BD8DE0} = {827E0CD3-B72D-47B6-A68D-7590B98EB39B}
		{E2E134E9-E388-4C35-8554-54ED40C29E63} = {827E0CD3-B72D-47B6-A68D-7590B98EB39B}
		{4F58F6EB-3A89-48F9-8788-8B10E6763F9B} = {0AB3BF05-4346-4AA6-1389-037BE0695223}
		{37D7C1D7-5E9C-4BC9-85D4-F70A67EBFEC4} = {827E0CD3-B72D-47B6-A68D-7590B98EB39B}
		{449390E6-78BD-461C-9A3E-040CBB37B04E} = {0AB3BF05-4346-4AA6-1389-037BE0695223}
		{09FBFE94-618A-4ED2-A3DF-71764B5E3C60} = {0AB3BF05-4346-4AA6-1389-037BE0695223}
		{BBF10CF1-C332-4AF4-B85A-9DE8F3F27E65} = {827E0CD3-B72D-47B6-A68D-7590B98EB39B}
		{7A7EA91A-F82A-41AE-907A-847BDFDDE363} = {0AB3BF05-4346-4AA6-1389-037BE0695223}
		{847C52C0-A8FF-4380-9980-C1D2EBFDFD14} = {0AB3BF05-4346-4AA6-1389-037BE0695223}
	EndGlobalSection
EndGlobal
